
Microsoft Visual Studio Solution File, Format Version 12.00
# Visual Studio Version 17
VisualStudioVersion = 17.0.32112.339
MinimumVisualStudioVersion = 10.0.40219.1
Project("{9A19103F-16F7-4668-BE54-9A1E7A4F7556}") = "GeneralService", "GeneralService\GeneralService.csproj", "{46840C02-6225-4EB7-99AB-802CF469984C}"
EndProject
Project("{FAE04EC0-301F-11D3-BF4B-00C04F79EFBC}") = "GeneralServiceTests", "GeneralServiceTests\GeneralServiceTests.csproj", "{952DD15A-2D06-4A94-A1FD-45375EBEF8BF}"
EndProject
Global
	GlobalSection(SolutionConfigurationPlatforms) = preSolution
		Debug|Any CPU = Debug|Any CPU
		Release|Any CPU = Release|Any CPU
	EndGlobalSection
	GlobalSection(ProjectConfigurationPlatforms) = postSolution
		{46840C02-6225-4EB7-99AB-802CF469984C}.Debug|Any CPU.ActiveCfg = Debug|Any CPU
		{46840C02-6225-4EB7-99AB-802CF469984C}.Debug|Any CPU.Build.0 = Debug|Any CPU
		{46840C02-6225-4EB7-99AB-802CF469984C}.Release|Any CPU.ActiveCfg = Release|Any CPU
		{46840C02-6225-4EB7-99AB-802CF469984C}.Release|Any CPU.Build.0 = Release|Any CPU
		{952DD15A-2D06-4A94-A1FD-45375EBEF8BF}.Debug|Any CPU.ActiveCfg = Debug|Any CPU
		{952DD15A-2D06-4A94-A1FD-45375EBEF8BF}.Debug|Any CPU.Build.0 = Debug|Any CPU
		{952DD15A-2D06-4A94-A1FD-45375EBEF8BF}.Release|Any CPU.ActiveCfg = Release|Any CPU
		{952DD15A-2D06-4A94-A1FD-45375EBEF8BF}.Release|Any CPU.Build.0 = Release|Any CPU
	EndGlobalSection
	GlobalSection(SolutionProperties) = preSolution
		HideSolutionNode = FALSE
	EndGlobalSection
	GlobalSection(ExtensibilityGlobals) = postSolution
		SolutionGuid = {2FF7AF1D-5FFE-4D12-941B-9E5D4526A2D0}
	EndGlobalSection
EndGlobal
